{
  "name": "learn-selenium",
  "version": "1.0.0",
  "lockfileVersion": 1,
  "requires": true,
  "dependencies": {
    "@ungap/promise-all-settled": {
      "version": "1.1.2",
      "resolved": "https://artifacthub-tip.oraclecorp.com/api/npm/npmjs-remote/@ungap/promise-all-settled/-/promise-all-settled-1.1.2.tgz",
      "integrity": "sha1-qlgEJxHW4ydd033Fl+XTHowpCkQ="
    },
    "ansi-colors": {
      "version": "4.1.1",
      "resolved": "https://artifacthub-tip.oraclecorp.com/api/npm/npmjs-remote/ansi-colors/-/ansi-colors-4.1.1.tgz",
      "integrity": "sha1-y7muJWv3UK8eqzRPIpqif+lLo0g="
    },
    "ansi-regex": {
      "version": "3.0.0",
      "resolved": "https://artifacthub-tip.oraclecorp.com/api/npm/npmjs-remote/ansi-regex/-/ansi-regex-3.0.0.tgz",
      "integrity": "sha1-7QMXwyIGT3lGbAKWa922Bas32Zg="
    },
    "ansi-styles": {
      "version": "4.3.0",
      "resolved": "https://artifacthub-tip.oraclecorp.com/api/npm/npmjs-remote/ansi-styles/-/ansi-styles-4.3.0.tgz",
      "integrity": "sha1-7dgDYornHATIWuegkG7a00tkiTc=",
      "requires": {
        "color-convert": "^2.0.1"
      }
    },
    "anymatch": {
      "version": "3.1.1",
      "resolved": "https://artifacthub-tip.oraclecorp.com/api/npm/npmjs-remote/anymatch/-/anymatch-3.1.1.tgz",
      "integrity": "sha1-xV7PAhheJGklk5kxDBc84xIzsUI=",
      "requires": {
        "normalize-path": "^3.0.0",
        "picomatch": "^2.0.4"
      }
    },
    "argparse": {
      "version": "2.0.1",
      "resolved": "https://artifacthub-tip.oraclecorp.com/api/npm/npmjs-remote/argparse/-/argparse-2.0.1.tgz",
      "integrity": "sha1-JG9Q88p4oyQPbJl+ipvR6sSeSzg="
    },
    "balanced-match": {
      "version": "1.0.0",
      "resolved": "https://registry.npmjs.org/balanced-match/-/balanced-match-1.0.0.tgz",
      "integrity": "sha1-ibTRmasr7kneFk6gK4nORi1xt2c="
    },
    "binary-extensions": {
      "version": "2.2.0",
      "resolved": "https://artifacthub-tip.oraclecorp.com/api/npm/npmjs-remote/binary-extensions/-/binary-extensions-2.2.0.tgz",
      "integrity": "sha1-dfUC7q+f/eQvyYgpZFvk6na9ni0="
    },
    "brace-expansion": {
      "version": "1.1.11",
      "resolved": "https://registry.npmjs.org/brace-expansion/-/brace-expansion-1.1.11.tgz",
      "integrity": "sha512-iCuPHDFgrHX7H2vEI/5xpz07zSHB00TpugqhmYtVmMO6518mCuRMoOYFldEBl0g187ufozdaHgWKcYFb61qGiA==",
      "requires": {
        "balanced-match": "^1.0.0",
        "concat-map": "0.0.1"
      }
    },
    "braces": {
      "version": "3.0.2",
      "resolved": "https://artifacthub-tip.oraclecorp.com/api/npm/npmjs-remote/braces/-/braces-3.0.2.tgz",
      "integrity": "sha1-NFThpGLujVmeI23zNs2epPiv4Qc=",
      "requires": {
        "fill-range": "^7.0.1"
      }
    },
    "browser-stdout": {
      "version": "1.3.1",
      "resolved": "https://artifacthub-tip.oraclecorp.com/api/npm/npmjs-remote/browser-stdout/-/browser-stdout-1.3.1.tgz",
      "integrity": "sha1-uqVZ7hTO1zRSIputcyZGfGH6vWA="
    },
    "camelcase": {
      "version": "6.2.0",
      "resolved": "https://artifacthub-tip.oraclecorp.com/api/npm/npmjs-remote/camelcase/-/camelcase-6.2.0.tgz",
      "integrity": "sha1-kkr4gcnVJaydh/QNlk5c6pgqGAk="
    },
    "chalk": {
      "version": "4.1.0",
      "resolved": "https://artifacthub-tip.oraclecorp.com/api/npm/npmjs-remote/chalk/-/chalk-4.1.0.tgz",
      "integrity": "sha1-ThSHCmGNni7dl92DRf2dncMVZGo=",
      "requires": {
        "ansi-styles": "^4.1.0",
        "supports-color": "^7.1.0"
      },
      "dependencies": {
        "supports-color": {
          "version": "7.2.0",
          "resolved": "https://artifacthub-tip.oraclecorp.com/api/npm/npmjs-remote/supports-color/-/supports-color-7.2.0.tgz",
          "integrity": "sha1-G33NyzK4E4gBs+R4umpRyqiWSNo=",
          "requires": {
            "has-flag": "^4.0.0"
          }
        }
      }
    },
    "chokidar": {
      "version": "3.5.1",
      "resolved": "https://artifacthub-tip.oraclecorp.com/api/npm/npmjs-remote/chokidar/-/chokidar-3.5.1.tgz",
      "integrity": "sha1-7pznu+vSt59J8wR5nVRo4x4U5oo=",
      "requires": {
        "anymatch": "~3.1.1",
        "braces": "~3.0.2",
        "fsevents": "~2.3.1",
        "glob-parent": "~5.1.0",
        "is-binary-path": "~2.1.0",
        "is-glob": "~4.0.1",
        "normalize-path": "~3.0.0",
        "readdirp": "~3.5.0"
      }
    },
    "cliui": {
      "version": "7.0.4",
      "resolved": "https://artifacthub-tip.oraclecorp.com/api/npm/npmjs-remote/cliui/-/cliui-7.0.4.tgz",
      "integrity": "sha1-oCZe5lVHb8gHrqnfPfjfd4OAi08=",
      "requires": {
        "string-width": "^4.2.0",
        "strip-ansi": "^6.0.0",
        "wrap-ansi": "^7.0.0"
      },
      "dependencies": {
        "ansi-regex": {
          "version": "5.0.0",
          "resolved": "https://artifacthub-tip.oraclecorp.com/api/npm/npmjs-remote/ansi-regex/-/ansi-regex-5.0.0.tgz",
          "integrity": "sha1-OIU59VF5vzkznIGvMKZU1p+Hy3U="
        },
        "is-fullwidth-code-point": {
          "version": "3.0.0",
          "resolved": "https://artifacthub-tip.oraclecorp.com/api/npm/npmjs-remote/is-fullwidth-code-point/-/is-fullwidth-code-point-3.0.0.tgz",
          "integrity": "sha1-8Rb4Bk/pCz94RKOJl8C3UFEmnx0="
        },
        "string-width": {
          "version": "4.2.0",
          "resolved": "https://artifacthub-tip.oraclecorp.com/api/npm/npmjs-remote/string-width/-/string-width-4.2.0.tgz",
          "integrity": "sha1-lSGCxGzHssMT0VluYjmSvRY7crU=",
          "requires": {
            "emoji-regex": "^8.0.0",
            "is-fullwidth-code-point": "^3.0.0",
            "strip-ansi": "^6.0.0"
          }
        },
        "strip-ansi": {
          "version": "6.0.0",
          "resolved": "https://artifacthub-tip.oraclecorp.com/api/npm/npmjs-remote/strip-ansi/-/strip-ansi-6.0.0.tgz",
          "integrity": "sha1-CxVx3XZpzNTz4G4U7x7tJiJa5TI=",
          "requires": {
            "ansi-regex": "^5.0.0"
          }
        }
      }
    },
    "color-convert": {
      "version": "2.0.1",
      "resolved": "https://artifacthub-tip.oraclecorp.com/api/npm/npmjs-remote/color-convert/-/color-convert-2.0.1.tgz",
      "integrity": "sha1-ctOmjVmMm9s68q0ehPIdiWq9TeM=",
      "requires": {
        "color-name": "~1.1.4"
      }
    },
    "color-name": {
      "version": "1.1.4",
      "resolved": "https://artifacthub-tip.oraclecorp.com/api/npm/npmjs-remote/color-name/-/color-name-1.1.4.tgz",
      "integrity": "sha1-wqCah6y95pVD3m9j+jmVyCbFNqI="
    },
    "concat-map": {
      "version": "0.0.1",
      "resolved": "https://registry.npmjs.org/concat-map/-/concat-map-0.0.1.tgz",
      "integrity": "sha1-2Klr13/Wjfd5OnMDajug1UBdR3s="
    },
    "core-util-is": {
      "version": "1.0.2",
      "resolved": "https://registry.npmjs.org/core-util-is/-/core-util-is-1.0.2.tgz",
      "integrity": "sha1-tf1UIgqivFq1eqtxQMlAdUUDwac=",
      "dev": true
    },
    "debug": {
      "version": "4.3.1",
      "resolved": "https://artifacthub-tip.oraclecorp.com/api/npm/npmjs-remote/debug/-/debug-4.3.1.tgz",
      "integrity": "sha1-8NIpxQXgxtjEmsVT0bE9wYP2su4=",
      "requires": {
        "ms": "2.1.2"
      },
      "dependencies": {
        "ms": {
          "version": "2.1.2",
          "resolved": "https://artifacthub-tip.oraclecorp.com/api/npm/npmjs-remote/ms/-/ms-2.1.2.tgz",
          "integrity": "sha1-0J0fNXtEP0kzgqjrPM0YOHKuYAk="
        }
      }
    },
    "decamelize": {
      "version": "4.0.0",
      "resolved": "https://artifacthub-tip.oraclecorp.com/api/npm/npmjs-remote/decamelize/-/decamelize-4.0.0.tgz",
      "integrity": "sha1-qkcte/Zg6xXzSU79UxyrfypwmDc="
    },
    "diff": {
      "version": "5.0.0",
      "resolved": "https://artifacthub-tip.oraclecorp.com/api/npm/npmjs-remote/diff/-/diff-5.0.0.tgz",
      "integrity": "sha1-ftatdthZ0DB4fsNYVfWx2vMdhSs="
    },
    "emoji-regex": {
      "version": "8.0.0",
      "resolved": "https://artifacthub-tip.oraclecorp.com/api/npm/npmjs-remote/emoji-regex/-/emoji-regex-8.0.0.tgz",
      "integrity": "sha1-6Bj9ac5cz8tARZT4QpY79TFkzDc="
    },
    "escalade": {
      "version": "3.1.1",
      "resolved": "https://artifacthub-tip.oraclecorp.com/api/npm/npmjs-remote/escalade/-/escalade-3.1.1.tgz",
      "integrity": "sha1-2M/ccACWXFoBdLSoLqpcBVJ0LkA="
    },
    "escape-string-regexp": {
      "version": "4.0.0",
      "resolved": "https://artifacthub-tip.oraclecorp.com/api/npm/npmjs-remote/escape-string-regexp/-/escape-string-regexp-4.0.0.tgz",
      "integrity": "sha1-FLqDpdNz49MR5a/KKc9b+tllvzQ="
    },
    "fill-range": {
      "version": "7.0.1",
      "resolved": "https://artifacthub-tip.oraclecorp.com/api/npm/npmjs-remote/fill-range/-/fill-range-7.0.1.tgz",
      "integrity": "sha1-GRmmp8df44ssfHflGYU12prN2kA=",
      "requires": {
        "to-regex-range": "^5.0.1"
      }
    },
    "find-up": {
      "version": "5.0.0",
      "resolved": "https://artifacthub-tip.oraclecorp.com/api/npm/npmjs-remote/find-up/-/find-up-5.0.0.tgz",
      "integrity": "sha1-TJKBnstwg1YeT0okCoa+UZj1Nvw=",
      "requires": {
        "locate-path": "^6.0.0",
        "path-exists": "^4.0.0"
      }
    },
    "flat": {
      "version": "5.0.2",
      "resolved": "https://artifacthub-tip.oraclecorp.com/api/npm/npmjs-remote/flat/-/flat-5.0.2.tgz",
      "integrity": "sha1-jKb+MyBp/6nTJMMnGYxZglnOskE="
    },
    "fs.realpath": {
      "version": "1.0.0",
      "resolved": "https://registry.npmjs.org/fs.realpath/-/fs.realpath-1.0.0.tgz",
      "integrity": "sha1-FQStJSMVjKpA20onh8sBQRmU6k8="
    },
    "fsevents": {
      "version": "2.3.2",
      "resolved": "https://artifacthub-tip.oraclecorp.com/api/npm/npmjs-remote/fsevents/-/fsevents-2.3.2.tgz",
      "integrity": "sha1-ilJveLj99GI7cJ4Ll1xSwkwC/Ro=",
      "optional": true
    },
    "get-caller-file": {
      "version": "2.0.5",
      "resolved": "https://artifacthub-tip.oraclecorp.com/api/npm/npmjs-remote/get-caller-file/-/get-caller-file-2.0.5.tgz",
      "integrity": "sha1-T5RBKoLbMvNuOwuXQfipf+sDH34="
    },
    "glob": {
      "version": "7.1.6",
      "resolved": "https://registry.npmjs.org/glob/-/glob-7.1.6.tgz",
      "integrity": "sha512-LwaxwyZ72Lk7vZINtNNrywX0ZuLyStrdDtabefZKAY5ZGJhVtgdznluResxNmPitE0SAO+O26sWTHeKSI2wMBA==",
      "requires": {
        "fs.realpath": "^1.0.0",
        "inflight": "^1.0.4",
        "inherits": "2",
        "minimatch": "^3.0.4",
        "once": "^1.3.0",
        "path-is-absolute": "^1.0.0"
      }
    },
    "glob-parent": {
      "version": "5.1.1",
      "resolved": "https://artifacthub-tip.oraclecorp.com/api/npm/npmjs-remote/glob-parent/-/glob-parent-5.1.1.tgz",
      "integrity": "sha1-tsHvQXxOVmPqSY8cRa+saRa7wik=",
      "requires": {
        "is-glob": "^4.0.1"
      }
    },
    "growl": {
      "version": "1.10.5",
      "resolved": "https://artifacthub-tip.oraclecorp.com/api/npm/npmjs-remote/growl/-/growl-1.10.5.tgz",
      "integrity": "sha1-8nNdwig2dPpnR4sQGBBZNVw2nl4="
    },
    "has-flag": {
      "version": "4.0.0",
      "resolved": "https://artifacthub-tip.oraclecorp.com/api/npm/npmjs-remote/has-flag/-/has-flag-4.0.0.tgz",
      "integrity": "sha1-lEdx/ZyByBJlxNaUGGDaBrtZR5s="
    },
    "he": {
      "version": "1.2.0",
      "resolved": "https://artifacthub-tip.oraclecorp.com/api/npm/npmjs-remote/he/-/he-1.2.0.tgz",
      "integrity": "sha1-hK5l+n6vsWX922FWauFLrwVmTw8="
    },
    "immediate": {
      "version": "3.0.6",
      "resolved": "https://registry.npmjs.org/immediate/-/immediate-3.0.6.tgz",
      "integrity": "sha1-nbHb0Pr43m++D13V5Wu2BigN5ps=",
      "dev": true
    },
    "inflight": {
      "version": "1.0.6",
      "resolved": "https://registry.npmjs.org/inflight/-/inflight-1.0.6.tgz",
      "integrity": "sha1-Sb1jMdfQLQwJvJEKEHW6gWW1bfk=",
      "requires": {
        "once": "^1.3.0",
        "wrappy": "1"
      }
    },
    "inherits": {
      "version": "2.0.4",
      "resolved": "https://registry.npmjs.org/inherits/-/inherits-2.0.4.tgz",
      "integrity": "sha512-k/vGaX4/Yla3WzyMCvTQOXYeIHvqOKtnqBduzTHpzpQZzAskKMhZ2K+EnBiSM9zGSoIFeMpXKxa4dYeZIQqewQ=="
    },
    "is-binary-path": {
      "version": "2.1.0",
      "resolved": "https://artifacthub-tip.oraclecorp.com/api/npm/npmjs-remote/is-binary-path/-/is-binary-path-2.1.0.tgz",
      "integrity": "sha1-6h9/O4DwZCNug0cPhsCcJU+0Wwk=",
      "requires": {
        "binary-extensions": "^2.0.0"
      }
    },
    "is-extglob": {
      "version": "2.1.1",
      "resolved": "https://artifacthub-tip.oraclecorp.com/api/npm/npmjs-remote/is-extglob/-/is-extglob-2.1.1.tgz",
      "integrity": "sha1-qIwCU1eR8C7TfHahueqXc8gz+MI="
    },
    "is-fullwidth-code-point": {
      "version": "2.0.0",
      "resolved": "https://artifacthub-tip.oraclecorp.com/api/npm/npmjs-remote/is-fullwidth-code-point/-/is-fullwidth-code-point-2.0.0.tgz",
      "integrity": "sha1-o7MKXE8ZkYMWeqq5O+764937ZU8="
    },
    "is-glob": {
      "version": "4.0.1",
      "resolved": "https://artifacthub-tip.oraclecorp.com/api/npm/npmjs-remote/is-glob/-/is-glob-4.0.1.tgz",
      "integrity": "sha1-dWfb6fL14kZ7x3q4PEopSCQHpdw=",
      "requires": {
        "is-extglob": "^2.1.1"
      }
    },
    "is-number": {
      "version": "7.0.0",
      "resolved": "https://artifacthub-tip.oraclecorp.com/api/npm/npmjs-remote/is-number/-/is-number-7.0.0.tgz",
      "integrity": "sha1-dTU0W4lnNNX4DE0GxQlVUnoU8Ss="
    },
    "is-plain-obj": {
      "version": "2.1.0",
      "resolved": "https://artifacthub-tip.oraclecorp.com/api/npm/npmjs-remote/is-plain-obj/-/is-plain-obj-2.1.0.tgz",
      "integrity": "sha1-ReQuN/zPH0Dajl927iFRWEDAkoc="
    },
    "isarray": {
      "version": "1.0.0",
      "resolved": "https://registry.npmjs.org/isarray/-/isarray-1.0.0.tgz",
      "integrity": "sha1-u5NdSFgsuhaMBoNJV6VKPgcSTxE=",
      "dev": true
    },
    "isexe": {
      "version": "2.0.0",
      "resolved": "https://artifacthub-tip.oraclecorp.com/api/npm/npmjs-remote/isexe/-/isexe-2.0.0.tgz",
      "integrity": "sha1-6PvzdNxVb/iUehDcsFctYz8s+hA="
    },
    "js-yaml": {
      "version": "4.0.0",
      "resolved": "https://artifacthub-tip.oraclecorp.com/api/npm/npmjs-remote/js-yaml/-/js-yaml-4.0.0.tgz",
      "integrity": "sha1-9Ca8D/S0BRkmzViMcRExg0CaEh8=",
      "requires": {
        "argparse": "^2.0.1"
      }
    },
    "jszip": {
      "version": "3.6.0",
      "resolved": "https://registry.npmjs.org/jszip/-/jszip-3.6.0.tgz",
      "integrity": "sha512-jgnQoG9LKnWO3mnVNBnfhkh0QknICd1FGSrXcgrl67zioyJ4wgx25o9ZqwNtrROSflGBCGYnJfjrIyRIby1OoQ==",
      "dev": true,
      "requires": {
        "lie": "~3.3.0",
        "pako": "~1.0.2",
        "readable-stream": "~2.3.6",
        "set-immediate-shim": "~1.0.1"
      }
    },
    "lie": {
      "version": "3.3.0",
      "resolved": "https://registry.npmjs.org/lie/-/lie-3.3.0.tgz",
      "integrity": "sha512-UaiMJzeWRlEujzAuw5LokY1L5ecNQYZKfmyZ9L7wDHb/p5etKaxXhohBcrw0EYby+G/NA52vRSN4N39dxHAIwQ==",
      "dev": true,
      "requires": {
        "immediate": "~3.0.5"
      }
    },
    "locate-path": {
      "version": "6.0.0",
      "resolved": "https://artifacthub-tip.oraclecorp.com/api/npm/npmjs-remote/locate-path/-/locate-path-6.0.0.tgz",
      "integrity": "sha1-VTIeswn+u8WcSAHZMackUqaB0oY=",
      "requires": {
        "p-locate": "^5.0.0"
      }
    },
    "log-symbols": {
      "version": "4.0.0",
      "resolved": "https://artifacthub-tip.oraclecorp.com/api/npm/npmjs-remote/log-symbols/-/log-symbols-4.0.0.tgz",
      "integrity": "sha1-abPMRtIPRI7M23XqH6cz2eghySA=",
      "requires": {
        "chalk": "^4.0.0"
      }
    },
    "minimatch": {
      "version": "3.0.4",
      "resolved": "https://registry.npmjs.org/minimatch/-/minimatch-3.0.4.tgz",
      "integrity": "sha512-yJHVQEhyqPLUTgt9B83PXu6W3rx4MvvHvSUvToogpwoGDOUQ+yDrR0HRot+yOCdCO7u4hX3pWft6kWBBcqh0UA==",
      "requires": {
        "brace-expansion": "^1.1.7"
      }
    },
    "mocha": {
      "version": "8.3.0",
      "resolved": "https://artifacthub-tip.oraclecorp.com/api/npm/npmjs-remote/mocha/-/mocha-8.3.0.tgz",
      "integrity": "sha1-qDp0MtOCrhyiloYGLX/cLDb2P+U=",
      "requires": {
        "@ungap/promise-all-settled": "1.1.2",
        "ansi-colors": "4.1.1",
        "browser-stdout": "1.3.1",
        "chokidar": "3.5.1",
        "debug": "4.3.1",
        "diff": "5.0.0",
        "escape-string-regexp": "4.0.0",
        "find-up": "5.0.0",
        "glob": "7.1.6",
        "growl": "1.10.5",
        "he": "1.2.0",
        "js-yaml": "4.0.0",
        "log-symbols": "4.0.0",
        "minimatch": "3.0.4",
        "ms": "2.1.3",
        "nanoid": "3.1.20",
        "serialize-javascript": "5.0.1",
        "strip-json-comments": "3.1.1",
        "supports-color": "8.1.1",
        "which": "2.0.2",
        "wide-align": "1.1.3",
        "workerpool": "6.1.0",
        "yargs": "16.2.0",
        "yargs-parser": "20.2.4",
        "yargs-unparser": "2.0.0"
      }
    },
    "ms": {
      "version": "2.1.3",
      "resolved": "https://artifacthub-tip.oraclecorp.com/api/npm/npmjs-remote/ms/-/ms-2.1.3.tgz",
      "integrity": "sha1-V0yBOM4dK1hh8LRFedut1gxmFbI="
    },
    "nanoid": {
      "version": "3.1.20",
      "resolved": "https://artifacthub-tip.oraclecorp.com/api/npm/npmjs-remote/nanoid/-/nanoid-3.1.20.tgz",
      "integrity": "sha1-utwmPGsdzxS3HvqoX2q0wdbPx4g="
    },
    "normalize-path": {
      "version": "3.0.0",
      "resolved": "https://artifacthub-tip.oraclecorp.com/api/npm/npmjs-remote/normalize-path/-/normalize-path-3.0.0.tgz",
      "integrity": "sha1-Dc1p/yOhybEf0JeDFmRKA4ghamU="
    },
    "once": {
      "version": "1.4.0",
      "resolved": "https://registry.npmjs.org/once/-/once-1.4.0.tgz",
      "integrity": "sha1-WDsap3WWHUsROsF9nFC6753Xa9E=",
      "requires": {
        "wrappy": "1"
      }
    },
    "p-limit": {
      "version": "3.1.0",
      "resolved": "https://artifacthub-tip.oraclecorp.com/api/npm/npmjs-remote/p-limit/-/p-limit-3.1.0.tgz",
      "integrity": "sha1-4drMvnjQ0TiMoYxk/qOOPlfjcGs=",
      "requires": {
        "yocto-queue": "^0.1.0"
      }
    },
    "p-locate": {
      "version": "5.0.0",
      "resolved": "https://artifacthub-tip.oraclecorp.com/api/npm/npmjs-remote/p-locate/-/p-locate-5.0.0.tgz",
      "integrity": "sha1-g8gxXGeFAF470CGDlBHJ4RDm2DQ=",
      "requires": {
        "p-limit": "^3.0.2"
      }
    },
    "pako": {
      "version": "1.0.11",
      "resolved": "https://registry.npmjs.org/pako/-/pako-1.0.11.tgz",
      "integrity": "sha512-4hLB8Py4zZce5s4yd9XzopqwVv/yGNhV1Bl8NTmCq1763HeK2+EwVTv+leGeL13Dnh2wfbqowVPXCIO0z4taYw==",
      "dev": true
    },
    "path-exists": {
      "version": "4.0.0",
      "resolved": "https://artifacthub-tip.oraclecorp.com/api/npm/npmjs-remote/path-exists/-/path-exists-4.0.0.tgz",
      "integrity": "sha1-UTvb4tO5XXdi6METfvoZXGxhtbM="
    },
    "path-is-absolute": {
      "version": "1.0.1",
      "resolved": "https://registry.npmjs.org/path-is-absolute/-/path-is-absolute-1.0.1.tgz",
      "integrity": "sha1-F0uSaHNVNP+8es5r9TpanhtcX18="
    },
    "picomatch": {
      "version": "2.2.2",
      "resolved": "https://artifacthub-tip.oraclecorp.com/api/npm/npmjs-remote/picomatch/-/picomatch-2.2.2.tgz",
      "integrity": "sha1-IfMz6ba46v8CRo9RRupAbTRfTa0="
    },
    "process-nextick-args": {
      "version": "2.0.1",
      "resolved": "https://registry.npmjs.org/process-nextick-args/-/process-nextick-args-2.0.1.tgz",
      "integrity": "sha512-3ouUOpQhtgrbOa17J7+uxOTpITYWaGP7/AhoR3+A+/1e9skrzelGi/dXzEYyvbxubEF6Wn2ypscTKiKJFFn1ag==",
      "dev": true
    },
    "randombytes": {
      "version": "2.1.0",
      "resolved": "https://artifacthub-tip.oraclecorp.com/api/npm/npmjs-remote/randombytes/-/randombytes-2.1.0.tgz",
      "integrity": "sha1-32+ENy8CcNxlzfYpE0mrekc9Tyo=",
      "requires": {
        "safe-buffer": "^5.1.0"
      }
    },
    "readable-stream": {
      "version": "2.3.7",
      "resolved": "https://registry.npmjs.org/readable-stream/-/readable-stream-2.3.7.tgz",
      "integrity": "sha512-Ebho8K4jIbHAxnuxi7o42OrZgF/ZTNcsZj6nRKyUmkhLFq8CHItp/fy6hQZuZmP/n3yZ9VBUbp4zz/mX8hmYPw==",
      "dev": true,
      "requires": {
        "core-util-is": "~1.0.0",
        "inherits": "~2.0.3",
        "isarray": "~1.0.0",
        "process-nextick-args": "~2.0.0",
        "safe-buffer": "~5.1.1",
        "string_decoder": "~1.1.1",
        "util-deprecate": "~1.0.1"
      }
    },
    "readdirp": {
      "version": "3.5.0",
      "resolved": "https://artifacthub-tip.oraclecorp.com/api/npm/npmjs-remote/readdirp/-/readdirp-3.5.0.tgz",
      "integrity": "sha1-m6dMAZsV02UnjS6Ru4xI17TULJ4=",
      "requires": {
        "picomatch": "^2.2.1"
      }
    },
    "require-directory": {
      "version": "2.1.1",
      "resolved": "https://artifacthub-tip.oraclecorp.com/api/npm/npmjs-remote/require-directory/-/require-directory-2.1.1.tgz",
      "integrity": "sha1-jGStX9MNqxyXbiNE/+f3kqam30I="
    },
    "rimraf": {
      "version": "2.7.1",
      "resolved": "https://registry.npmjs.org/rimraf/-/rimraf-2.7.1.tgz",
      "integrity": "sha512-uWjbaKIK3T1OSVptzX7Nl6PvQ3qAGtKEtVRjRuazjfL3Bx5eI409VZSqgND+4UNnmzLVdPj9FqFJNPqBZFve4w==",
      "dev": true,
      "requires": {
        "glob": "^7.1.3"
      }
    },
    "safe-buffer": {
      "version": "5.1.2",
      "resolved": "https://registry.npmjs.org/safe-buffer/-/safe-buffer-5.1.2.tgz",
      "integrity": "sha512-Gd2UZBJDkXlY7GbJxfsE8/nvKkUEU1G38c1siN6QP6a9PT9MmHB8GnpscSmMJSoF8LOIrt8ud/wPtojys4G6+g=="
    },
    "selenium-webdriver": {
      "version": "4.0.0-alpha.8",
      "resolved": "https://registry.npmjs.org/selenium-webdriver/-/selenium-webdriver-4.0.0-alpha.8.tgz",
      "integrity": "sha512-yPSaiWySZTEbxuuWQMDqdXh3H3N4Aiw/bSUjpkKMPWWCysfPqUncrq6FewBqdxWD1wQKzy5yWaQMGsgTY/0rCQ==",
      "dev": true,
      "requires": {
        "jszip": "^3.5.0",
        "rimraf": "^2.7.1",
        "tmp": "^0.1.0",
        "ws": "^7.3.1"
      }
    },
    "serialize-javascript": {
      "version": "5.0.1",
      "resolved": "https://artifacthub-tip.oraclecorp.com/api/npm/npmjs-remote/serialize-javascript/-/serialize-javascript-5.0.1.tgz",
      "integrity": "sha1-eIbshIBJpGJGepfT2Rjrsqr5NPQ=",
      "requires": {
        "randombytes": "^2.1.0"
      }
    },
    "set-immediate-shim": {
      "version": "1.0.1",
      "resolved": "https://registry.npmjs.org/set-immediate-shim/-/set-immediate-shim-1.0.1.tgz",
      "integrity": "sha1-SysbJ+uAip+NzEgaWOXlb1mfP2E=",
      "dev": true
    },
    "string-width": {
      "version": "2.1.1",
      "resolved": "https://artifacthub-tip.oraclecorp.com/api/npm/npmjs-remote/string-width/-/string-width-2.1.1.tgz",
      "integrity": "sha1-q5Pyeo3BPSjKyBXEYhQ6bZASrp4=",
      "requires": {
        "is-fullwidth-code-point": "^2.0.0",
        "strip-ansi": "^4.0.0"
      }
    },
    "string_decoder": {
      "version": "1.1.1",
      "resolved": "https://registry.npmjs.org/string_decoder/-/string_decoder-1.1.1.tgz",
      "integrity": "sha512-n/ShnvDi6FHbbVfviro+WojiFzv+s8MPMHBczVePfUpDJLwoLT0ht1l4YwBCbi8pJAveEEdnkHyPyTP/mzRfwg==",
      "dev": true,
      "requires": {
        "safe-buffer": "~5.1.0"
      }
    },
    "strip-ansi": {
      "version": "4.0.0",
      "resolved": "https://artifacthub-tip.oraclecorp.com/api/npm/npmjs-remote/strip-ansi/-/strip-ansi-4.0.0.tgz",
      "integrity": "sha1-qEeQIusaw2iocTibY1JixQXuNo8=",
      "requires": {
        "ansi-regex": "^3.0.0"
      }
    },
    "strip-json-comments": {
      "version": "3.1.1",
      "resolved": "https://artifacthub-tip.oraclecorp.com/api/npm/npmjs-remote/strip-json-comments/-/strip-json-comments-3.1.1.tgz",
      "integrity": "sha1-MfEoGzgyYwQ0gxwxDAHMzajL4AY="
    },
    "supports-color": {
      "version": "8.1.1",
      "resolved": "https://artifacthub-tip.oraclecorp.com/api/npm/npmjs-remote/supports-color/-/supports-color-8.1.1.tgz",
      "integrity": "sha1-zW/BfihQDP9WwbhsCn/UpUpzAFw=",
      "requires": {
        "has-flag": "^4.0.0"
      }
    },
    "tmp": {
      "version": "0.1.0",
      "resolved": "https://registry.npmjs.org/tmp/-/tmp-0.1.0.tgz",
      "integrity": "sha512-J7Z2K08jbGcdA1kkQpJSqLF6T0tdQqpR2pnSUXsIchbPdTI9v3e85cLW0d6WDhwuAleOV71j2xWs8qMPfK7nKw==",
      "dev": true,
      "requires": {
        "rimraf": "^2.6.3"
      }
    },
    "to-regex-range": {
      "version": "5.0.1",
      "resolved": "https://artifacthub-tip.oraclecorp.com/api/npm/npmjs-remote/to-regex-range/-/to-regex-range-5.0.1.tgz",
      "integrity": "sha1-FkjESq58jZiKMmAY7XL1tN0DkuQ=",
      "requires": {
        "is-number": "^7.0.0"
      }
    },
    "util-deprecate": {
      "version": "1.0.2",
      "resolved": "https://registry.npmjs.org/util-deprecate/-/util-deprecate-1.0.2.tgz",
      "integrity": "sha1-RQ1Nyfpw3nMnYvvS1KKJgUGaDM8=",
      "dev": true
    },
    "which": {
      "version": "2.0.2",
      "resolved": "https://artifacthub-tip.oraclecorp.com/api/npm/npmjs-remote/which/-/which-2.0.2.tgz",
      "integrity": "sha1-fGqN0KY2oDJ+ELWckobu6T8/UbE=",
      "requires": {
        "isexe": "^2.0.0"
      }
    },
    "wide-align": {
      "version": "1.1.3",
      "resolved": "https://artifacthub-tip.oraclecorp.com/api/npm/npmjs-remote/wide-align/-/wide-align-1.1.3.tgz",
      "integrity": "sha1-rgdOa9wMFKQx6ATmJFScYzsABFc=",
      "requires": {
        "string-width": "^1.0.2 || 2"
      }
    },
    "workerpool": {
      "version": "6.1.0",
      "resolved": "https://artifacthub-tip.oraclecorp.com/api/npm/npmjs-remote/workerpool/-/workerpool-6.1.0.tgz",
      "integrity": "sha1-qOA4tMlFaVloUt56jqQiju/es3s="
    },
    "wrap-ansi": {
      "version": "7.0.0",
      "resolved": "https://artifacthub-tip.oraclecorp.com/api/npm/npmjs-remote/wrap-ansi/-/wrap-ansi-7.0.0.tgz",
      "integrity": "sha1-Z+FFz/UQpqaYS98RUpEdadLrnkM=",
      "requires": {
        "ansi-styles": "^4.0.0",
        "string-width": "^4.1.0",
        "strip-ansi": "^6.0.0"
      },
      "dependencies": {
        "ansi-regex": {
          "version": "5.0.0",
          "resolved": "https://artifacthub-tip.oraclecorp.com/api/npm/npmjs-remote/ansi-regex/-/ansi-regex-5.0.0.tgz",
          "integrity": "sha1-OIU59VF5vzkznIGvMKZU1p+Hy3U="
        },
        "is-fullwidth-code-point": {
          "version": "3.0.0",
          "resolved": "https://artifacthub-tip.oraclecorp.com/api/npm/npmjs-remote/is-fullwidth-code-point/-/is-fullwidth-code-point-3.0.0.tgz",
          "integrity": "sha1-8Rb4Bk/pCz94RKOJl8C3UFEmnx0="
        },
        "string-width": {
          "version": "4.2.0",
          "resolved": "https://artifacthub-tip.oraclecorp.com/api/npm/npmjs-remote/string-width/-/string-width-4.2.0.tgz",
          "integrity": "sha1-lSGCxGzHssMT0VluYjmSvRY7crU=",
          "requires": {
            "emoji-regex": "^8.0.0",
            "is-fullwidth-code-point": "^3.0.0",
            "strip-ansi": "^6.0.0"
          }
        },
        "strip-ansi": {
          "version": "6.0.0",
          "resolved": "https://artifacthub-tip.oraclecorp.com/api/npm/npmjs-remote/strip-ansi/-/strip-ansi-6.0.0.tgz",
          "integrity": "sha1-CxVx3XZpzNTz4G4U7x7tJiJa5TI=",
          "requires": {
            "ansi-regex": "^5.0.0"
          }
        }
      }
    },
    "wrappy": {
      "version": "1.0.2",
      "resolved": "https://registry.npmjs.org/wrappy/-/wrappy-1.0.2.tgz",
      "integrity": "sha1-tSQ9jz7BqjXxNkYFvA0QNuMKtp8="
    },
    "ws": {
      "version": "7.4.3",
      "resolved": "https://registry.npmjs.org/ws/-/ws-7.4.3.tgz",
      "integrity": "sha512-hr6vCR76GsossIRsr8OLR9acVVm1jyfEWvhbNjtgPOrfvAlKzvyeg/P6r8RuDjRyrcQoPQT7K0DGEPc7Ae6jzA==",
      "dev": true
    },
    "y18n": {
      "version": "5.0.5",
      "resolved": "https://artifacthub-tip.oraclecorp.com/api/npm/npmjs-remote/y18n/-/y18n-5.0.5.tgz",
      "integrity": "sha1-h2nsCNA7HqLfJQCs71YXQ7u5qxg="
    },
    "yargs": {
      "version": "16.2.0",
      "resolved": "https://artifacthub-tip.oraclecorp.com/api/npm/npmjs-remote/yargs/-/yargs-16.2.0.tgz",
      "integrity": "sha1-HIK/D2tqZur85+8w43b0mhJHf2Y=",
      "requires": {
        "cliui": "^7.0.2",
        "escalade": "^3.1.1",
        "get-caller-file": "^2.0.5",
        "require-directory": "^2.1.1",
        "string-width": "^4.2.0",
        "y18n": "^5.0.5",
        "yargs-parser": "^20.2.2"
      },
      "dependencies": {
        "ansi-regex": {
          "version": "5.0.0",
          "resolved": "https://artifacthub-tip.oraclecorp.com/api/npm/npmjs-remote/ansi-regex/-/ansi-regex-5.0.0.tgz",
          "integrity": "sha1-OIU59VF5vzkznIGvMKZU1p+Hy3U="
        },
        "is-fullwidth-code-point": {
          "version": "3.0.0",
          "resolved": "https://artifacthub-tip.oraclecorp.com/api/npm/npmjs-remote/is-fullwidth-code-point/-/is-fullwidth-code-point-3.0.0.tgz",
          "integrity": "sha1-8Rb4Bk/pCz94RKOJl8C3UFEmnx0="
        },
        "string-width": {
          "version": "4.2.0",
          "resolved": "https://artifacthub-tip.oraclecorp.com/api/npm/npmjs-remote/string-width/-/string-width-4.2.0.tgz",
          "integrity": "sha1-lSGCxGzHssMT0VluYjmSvRY7crU=",
          "requires": {
            "emoji-regex": "^8.0.0",
            "is-fullwidth-code-point": "^3.0.0",
            "strip-ansi": "^6.0.0"
          }
        },
        "strip-ansi": {
          "version": "6.0.0",
          "resolved": "https://artifacthub-tip.oraclecorp.com/api/npm/npmjs-remote/strip-ansi/-/strip-ansi-6.0.0.tgz",
          "integrity": "sha1-CxVx3XZpzNTz4G4U7x7tJiJa5TI=",
          "requires": {
            "ansi-regex": "^5.0.0"
          }
        }
      }
    },
    "yargs-parser": {
      "version": "20.2.4",
      "resolved": "https://artifacthub-tip.oraclecorp.com/api/npm/npmjs-remote/yargs-parser/-/yargs-parser-20.2.4.tgz",
      "integrity": "sha1-tCiQ8UVmeW+Fro46JSkNIF8VSlQ="
    },
    "yargs-unparser": {
      "version": "2.0.0",
      "resolved": "https://artifacthub-tip.oraclecorp.com/api/npm/npmjs-remote/yargs-unparser/-/yargs-unparser-2.0.0.tgz",
      "integrity": "sha1-8TH5ImkRrl2a04xDL+gJNmwjJes=",
      "requires": {
        "camelcase": "^6.0.0",
        "decamelize": "^4.0.0",
        "flat": "^5.0.2",
        "is-plain-obj": "^2.1.0"
      }
    },
    "yocto-queue": {
      "version": "0.1.0",
      "resolved": "https://artifacthub-tip.oraclecorp.com/api/npm/npmjs-remote/yocto-queue/-/yocto-queue-0.1.0.tgz",
      "integrity": "sha1-ApTrPe4FAo0x7hpfosVWpqrxChs="
    }
  }
}
